// !$*UTF8*$!
{
	archiveVersion = 1;
	classes = {
	};
	objectVersion = 51;
	objects = {

/* Begin PBXBuildFile section */
		7AFFDC2024F58BD900D267A1 /* GameTimerService.swift in Sources */ = {isa = PBXBuildFile; fileRef = 7AFFDC1F24F58BD900D267A1 /* GameTimerService.swift */; };
		7AFFDC2224F59FA200D267A1 /* 10-seconds.mp3 in Resources */ = {isa = PBXBuildFile; fileRef = 7AFFDC2124F59FA200D267A1 /* 10-seconds.mp3 */; };
		7AFFDC2424F6F53A00D267A1 /* SoundAssistantModel.swift in Sources */ = {isa = PBXBuildFile; fileRef = 7AFFDC2324F6F53A00D267A1 /* SoundAssistantModel.swift */; };
		9CDBE1162492A8CC0048D95E /* AppDelegate.swift in Sources */ = {isa = PBXBuildFile; fileRef = 9CDBE1152492A8CC0048D95E /* AppDelegate.swift */; };
		9CDBE1182492A8CC0048D95E /* SceneDelegate.swift in Sources */ = {isa = PBXBuildFile; fileRef = 9CDBE1172492A8CC0048D95E /* SceneDelegate.swift */; };
		9CDBE11A2492A8CC0048D95E /* ViewController.swift in Sources */ = {isa = PBXBuildFile; fileRef = 9CDBE1192492A8CC0048D95E /* ViewController.swift */; };
		9CDBE11D2492A8CC0048D95E /* Main.storyboard in Resources */ = {isa = PBXBuildFile; fileRef = 9CDBE11B2492A8CC0048D95E /* Main.storyboard */; };
		9CDBE11F2492A8CD0048D95E /* Assets.xcassets in Resources */ = {isa = PBXBuildFile; fileRef = 9CDBE11E2492A8CD0048D95E /* Assets.xcassets */; };
		9CDBE1222492A8CD0048D95E /* LaunchScreen.storyboard in Resources */ = {isa = PBXBuildFile; fileRef = 9CDBE1202492A8CD0048D95E /* LaunchScreen.storyboard */; };
		9CDBE13D2492A9540048D95E /* TimeModel.swift in Sources */ = {isa = PBXBuildFile; fileRef = 9CDBE12A2492A9540048D95E /* TimeModel.swift */; };
		9CDBE13E2492A9540048D95E /* RootViewController.swift in Sources */ = {isa = PBXBuildFile; fileRef = 9CDBE12C2492A9540048D95E /* RootViewController.swift */; };
		9CDBE13F2492A9540048D95E /* ConfirmView.swift in Sources */ = {isa = PBXBuildFile; fileRef = 9CDBE12E2492A9540048D95E /* ConfirmView.swift */; };
		9CDBE1402492A9540048D95E /* TimeButton.swift in Sources */ = {isa = PBXBuildFile; fileRef = 9CDBE12F2492A9540048D95E /* TimeButton.swift */; };
		9CDBE1412492A9540048D95E /* RunButton.swift in Sources */ = {isa = PBXBuildFile; fileRef = 9CDBE1302492A9540048D95E /* RunButton.swift */; };
		9CDBE1422492A9540048D95E /* TimeView.swift in Sources */ = {isa = PBXBuildFile; fileRef = 9CDBE1312492A9540048D95E /* TimeView.swift */; };
		9CDBE1432492A9540048D95E /* SoundAssistantViewController.swift in Sources */ = {isa = PBXBuildFile; fileRef = 9CDBE1342492A9540048D95E /* SoundAssistantViewController.swift */; };
		9CDBE1442492A9540048D95E /* GameViewController.swift in Sources */ = {isa = PBXBuildFile; fileRef = 9CDBE1362492A9540048D95E /* GameViewController.swift */; };
		9CDBE1452492A9540048D95E /* FeedbackViewController.swift in Sources */ = {isa = PBXBuildFile; fileRef = 9CDBE1382492A9540048D95E /* FeedbackViewController.swift */; };
		9CDBE1462492A9540048D95E /* PagesViewController.swift in Sources */ = {isa = PBXBuildFile; fileRef = 9CDBE1392492A9540048D95E /* PagesViewController.swift */; };
		9CDBE1472492A9540048D95E /* BaseDrillViewController.swift in Sources */ = {isa = PBXBuildFile; fileRef = 9CDBE13A2492A9540048D95E /* BaseDrillViewController.swift */; };
		9CDBE1482492A9540048D95E /* DrillViewController.swift in Sources */ = {isa = PBXBuildFile; fileRef = 9CDBE13C2492A9540048D95E /* DrillViewController.swift */; };
		9CDBE14A2492B0CC0048D95E /* DrillModel.swift in Sources */ = {isa = PBXBuildFile; fileRef = 9CDBE1492492B0CC0048D95E /* DrillModel.swift */; };
		9CDBE14D2492C7D50048D95E /* Storage.swift in Sources */ = {isa = PBXBuildFile; fileRef = 9CDBE14C2492C7D50048D95E /* Storage.swift */; };
		9CDBE1512492C9CD0048D95E /* GameModel.swift in Sources */ = {isa = PBXBuildFile; fileRef = 9CDBE1502492C9CD0048D95E /* GameModel.swift */; };
		9CDBE1552492C9E10048D95E /* stop-game.mp3 in Resources */ = {isa = PBXBuildFile; fileRef = 9CDBE1532492C9E10048D95E /* stop-game.mp3 */; };
		9CDBE1562492C9E10048D95E /* start-game.mp3 in Resources */ = {isa = PBXBuildFile; fileRef = 9CDBE1542492C9E10048D95E /* start-game.mp3 */; };
		9CE1A7E524F44B0500BA732C /* DrilTimerService.swift in Sources */ = {isa = PBXBuildFile; fileRef = 9CE1A7E424F44B0500BA732C /* DrilTimerService.swift */; };
		9CE1A7E724F4503400BA732C /* Sounds.swift in Sources */ = {isa = PBXBuildFile; fileRef = 9CE1A7E624F4503400BA732C /* Sounds.swift */; };
		BBE8A4F54311A8B6A4AEAB99 /* Pods_pbdrillapp.framework in Frameworks */ = {isa = PBXBuildFile; fileRef = B8706185F5322E713062ED19 /* Pods_pbdrillapp.framework */; };
/* End PBXBuildFile section */

/* Begin PBXFileReference section */
		5951273C2B4570A3528B5422 /* Pods-pbdrillapp.debug.xcconfig */ = {isa = PBXFileReference; includeInIndex = 1; lastKnownFileType = text.xcconfig; name = "Pods-pbdrillapp.debug.xcconfig"; path = "Target Support Files/Pods-pbdrillapp/Pods-pbdrillapp.debug.xcconfig"; sourceTree = "<group>"; };
		7AFFDC1F24F58BD900D267A1 /* GameTimerService.swift */ = {isa = PBXFileReference; lastKnownFileType = sourcecode.swift; path = GameTimerService.swift; sourceTree = "<group>"; };
		7AFFDC2124F59FA200D267A1 /* 10-seconds.mp3 */ = {isa = PBXFileReference; lastKnownFileType = audio.mp3; path = "10-seconds.mp3"; sourceTree = "<group>"; };
		7AFFDC2324F6F53A00D267A1 /* SoundAssistantModel.swift */ = {isa = PBXFileReference; lastKnownFileType = sourcecode.swift; path = SoundAssistantModel.swift; sourceTree = "<group>"; };
		9CDBE1122492A8CC0048D95E /* PB Drill Assistant.app */ = {isa = PBXFileReference; explicitFileType = wrapper.application; includeInIndex = 0; path = "PB Drill Assistant.app"; sourceTree = BUILT_PRODUCTS_DIR; };
		9CDBE1152492A8CC0048D95E /* AppDelegate.swift */ = {isa = PBXFileReference; lastKnownFileType = sourcecode.swift; path = AppDelegate.swift; sourceTree = "<group>"; };
		9CDBE1172492A8CC0048D95E /* SceneDelegate.swift */ = {isa = PBXFileReference; lastKnownFileType = sourcecode.swift; path = SceneDelegate.swift; sourceTree = "<group>"; };
		9CDBE1192492A8CC0048D95E /* ViewController.swift */ = {isa = PBXFileReference; lastKnownFileType = sourcecode.swift; path = ViewController.swift; sourceTree = "<group>"; };
		9CDBE11C2492A8CC0048D95E /* Base */ = {isa = PBXFileReference; lastKnownFileType = file.storyboard; name = Base; path = Base.lproj/Main.storyboard; sourceTree = "<group>"; };
		9CDBE11E2492A8CD0048D95E /* Assets.xcassets */ = {isa = PBXFileReference; lastKnownFileType = folder.assetcatalog; path = Assets.xcassets; sourceTree = "<group>"; };
		9CDBE1212492A8CD0048D95E /* Base */ = {isa = PBXFileReference; lastKnownFileType = file.storyboard; name = Base; path = Base.lproj/LaunchScreen.storyboard; sourceTree = "<group>"; };
		9CDBE1232492A8CD0048D95E /* Info.plist */ = {isa = PBXFileReference; lastKnownFileType = text.plist.xml; path = Info.plist; sourceTree = "<group>"; };
		9CDBE12A2492A9540048D95E /* TimeModel.swift */ = {isa = PBXFileReference; fileEncoding = 4; lastKnownFileType = sourcecode.swift; path = TimeModel.swift; sourceTree = "<group>"; };
		9CDBE12C2492A9540048D95E /* RootViewController.swift */ = {isa = PBXFileReference; fileEncoding = 4; lastKnownFileType = sourcecode.swift; path = RootViewController.swift; sourceTree = "<group>"; };
		9CDBE12E2492A9540048D95E /* ConfirmView.swift */ = {isa = PBXFileReference; fileEncoding = 4; lastKnownFileType = sourcecode.swift; path = ConfirmView.swift; sourceTree = "<group>"; };
		9CDBE12F2492A9540048D95E /* TimeButton.swift */ = {isa = PBXFileReference; fileEncoding = 4; lastKnownFileType = sourcecode.swift; path = TimeButton.swift; sourceTree = "<group>"; };
		9CDBE1302492A9540048D95E /* RunButton.swift */ = {isa = PBXFileReference; fileEncoding = 4; lastKnownFileType = sourcecode.swift; path = RunButton.swift; sourceTree = "<group>"; };
		9CDBE1312492A9540048D95E /* TimeView.swift */ = {isa = PBXFileReference; fileEncoding = 4; lastKnownFileType = sourcecode.swift; path = TimeView.swift; sourceTree = "<group>"; };
		9CDBE1342492A9540048D95E /* SoundAssistantViewController.swift */ = {isa = PBXFileReference; fileEncoding = 4; lastKnownFileType = sourcecode.swift; path = SoundAssistantViewController.swift; sourceTree = "<group>"; };
		9CDBE1362492A9540048D95E /* GameViewController.swift */ = {isa = PBXFileReference; fileEncoding = 4; lastKnownFileType = sourcecode.swift; path = GameViewController.swift; sourceTree = "<group>"; };
		9CDBE1382492A9540048D95E /* FeedbackViewController.swift */ = {isa = PBXFileReference; fileEncoding = 4; lastKnownFileType = sourcecode.swift; path = FeedbackViewController.swift; sourceTree = "<group>"; };
		9CDBE1392492A9540048D95E /* PagesViewController.swift */ = {isa = PBXFileReference; fileEncoding = 4; lastKnownFileType = sourcecode.swift; path = PagesViewController.swift; sourceTree = "<group>"; };
		9CDBE13A2492A9540048D95E /* BaseDrillViewController.swift */ = {isa = PBXFileReference; fileEncoding = 4; lastKnownFileType = sourcecode.swift; path = BaseDrillViewController.swift; sourceTree = "<group>"; };
		9CDBE13C2492A9540048D95E /* DrillViewController.swift */ = {isa = PBXFileReference; fileEncoding = 4; lastKnownFileType = sourcecode.swift; path = DrillViewController.swift; sourceTree = "<group>"; };
		9CDBE1492492B0CC0048D95E /* DrillModel.swift */ = {isa = PBXFileReference; lastKnownFileType = sourcecode.swift; path = DrillModel.swift; sourceTree = "<group>"; };
		9CDBE14C2492C7D50048D95E /* Storage.swift */ = {isa = PBXFileReference; fileEncoding = 4; lastKnownFileType = sourcecode.swift; path = Storage.swift; sourceTree = "<group>"; };
		9CDBE1502492C9CD0048D95E /* GameModel.swift */ = {isa = PBXFileReference; lastKnownFileType = sourcecode.swift; path = GameModel.swift; sourceTree = "<group>"; };
		9CDBE1532492C9E10048D95E /* stop-game.mp3 */ = {isa = PBXFileReference; lastKnownFileType = audio.mp3; path = "stop-game.mp3"; sourceTree = "<group>"; };
		9CDBE1542492C9E10048D95E /* start-game.mp3 */ = {isa = PBXFileReference; lastKnownFileType = audio.mp3; path = "start-game.mp3"; sourceTree = "<group>"; };
		9CE1A7E424F44B0500BA732C /* DrilTimerService.swift */ = {isa = PBXFileReference; lastKnownFileType = sourcecode.swift; path = DrilTimerService.swift; sourceTree = "<group>"; };
		9CE1A7E624F4503400BA732C /* Sounds.swift */ = {isa = PBXFileReference; lastKnownFileType = sourcecode.swift; path = Sounds.swift; sourceTree = "<group>"; };
		B8706185F5322E713062ED19 /* Pods_pbdrillapp.framework */ = {isa = PBXFileReference; explicitFileType = wrapper.framework; includeInIndex = 0; path = Pods_pbdrillapp.framework; sourceTree = BUILT_PRODUCTS_DIR; };
		E5C2ED958F3B7436C38E5800 /* Pods-pbdrillapp.release.xcconfig */ = {isa = PBXFileReference; includeInIndex = 1; lastKnownFileType = text.xcconfig; name = "Pods-pbdrillapp.release.xcconfig"; path = "Target Support Files/Pods-pbdrillapp/Pods-pbdrillapp.release.xcconfig"; sourceTree = "<group>"; };
/* End PBXFileReference section */

/* Begin PBXFrameworksBuildPhase section */
		9CDBE10F2492A8CC0048D95E /* Frameworks */ = {
			isa = PBXFrameworksBuildPhase;
			buildActionMask = 2147483647;
			files = (
				BBE8A4F54311A8B6A4AEAB99 /* Pods_pbdrillapp.framework in Frameworks */,
			);
			runOnlyForDeploymentPostprocessing = 0;
		};
/* End PBXFrameworksBuildPhase section */

/* Begin PBXGroup section */
		9CDBE1092492A8CC0048D95E = {
			isa = PBXGroup;
			children = (
				9CDBE1142492A8CC0048D95E /* pbdrillapp */,
				9CDBE1132492A8CC0048D95E /* Products */,
				C7FBB3CEC5EE15483086F8E8 /* Pods */,
				CEC4BB4939A36E72C3A1937C /* Frameworks */,
			);
			sourceTree = "<group>";
		};
		9CDBE1132492A8CC0048D95E /* Products */ = {
			isa = PBXGroup;
			children = (
				9CDBE1122492A8CC0048D95E /* PB Drill Assistant.app */,
			);
			name = Products;
			sourceTree = "<group>";
		};
		9CDBE1142492A8CC0048D95E /* pbdrillapp */ = {
			isa = PBXGroup;
			children = (
				9CDBE1522492C9E10048D95E /* Resources */,
				9CDBE14B2492C7BB0048D95E /* Storage */,
				9CDBE1292492A9540048D95E /* Models */,
				9CDBE1322492A9540048D95E /* Pages */,
				9CDBE12D2492A9540048D95E /* Views */,
				9CDBE1152492A8CC0048D95E /* AppDelegate.swift */,
				9CDBE1172492A8CC0048D95E /* SceneDelegate.swift */,
				9CDBE1192492A8CC0048D95E /* ViewController.swift */,
				9CDBE11B2492A8CC0048D95E /* Main.storyboard */,
				9CDBE11E2492A8CD0048D95E /* Assets.xcassets */,
				9CDBE1202492A8CD0048D95E /* LaunchScreen.storyboard */,
				9CDBE1232492A8CD0048D95E /* Info.plist */,
			);
			path = pbdrillapp;
			sourceTree = "<group>";
		};
		9CDBE1292492A9540048D95E /* Models */ = {
			isa = PBXGroup;
			children = (
				9CDBE12A2492A9540048D95E /* TimeModel.swift */,
				9CDBE1492492B0CC0048D95E /* DrillModel.swift */,
				9CDBE1502492C9CD0048D95E /* GameModel.swift */,
				9CE1A7E624F4503400BA732C /* Sounds.swift */,
				7AFFDC2324F6F53A00D267A1 /* SoundAssistantModel.swift */,
			);
			path = Models;
			sourceTree = "<group>";
		};
		9CDBE12B2492A9540048D95E /* Root */ = {
			isa = PBXGroup;
			children = (
				9CDBE12C2492A9540048D95E /* RootViewController.swift */,
			);
			path = Root;
			sourceTree = "<group>";
		};
		9CDBE12D2492A9540048D95E /* Views */ = {
			isa = PBXGroup;
			children = (
				9CDBE12E2492A9540048D95E /* ConfirmView.swift */,
				9CDBE12F2492A9540048D95E /* TimeButton.swift */,
				9CDBE1302492A9540048D95E /* RunButton.swift */,
				9CDBE1312492A9540048D95E /* TimeView.swift */,
			);
			path = Views;
			sourceTree = "<group>";
		};
		9CDBE1322492A9540048D95E /* Pages */ = {
			isa = PBXGroup;
			children = (
				9CDBE1392492A9540048D95E /* PagesViewController.swift */,
				9CDBE13A2492A9540048D95E /* BaseDrillViewController.swift */,
				9CDBE12B2492A9540048D95E /* Root */,
				9CDBE1332492A9540048D95E /* SoundAssistant */,
				9CDBE1352492A9540048D95E /* Game */,
				9CDBE1372492A9540048D95E /* Feedback */,
				9CDBE13B2492A9540048D95E /* Drills */,
			);
			path = Pages;
			sourceTree = "<group>";
		};
		9CDBE1332492A9540048D95E /* SoundAssistant */ = {
			isa = PBXGroup;
			children = (
				9CDBE1342492A9540048D95E /* SoundAssistantViewController.swift */,
			);
			path = SoundAssistant;
			sourceTree = "<group>";
		};
		9CDBE1352492A9540048D95E /* Game */ = {
			isa = PBXGroup;
			children = (
				9CDBE1362492A9540048D95E /* GameViewController.swift */,
				7AFFDC1F24F58BD900D267A1 /* GameTimerService.swift */,
			);
			path = Game;
			sourceTree = "<group>";
		};
		9CDBE1372492A9540048D95E /* Feedback */ = {
			isa = PBXGroup;
			children = (
				9CDBE1382492A9540048D95E /* FeedbackViewController.swift */,
			);
			path = Feedback;
			sourceTree = "<group>";
		};
		9CDBE13B2492A9540048D95E /* Drills */ = {
			isa = PBXGroup;
			children = (
				9CDBE13C2492A9540048D95E /* DrillViewController.swift */,
				9CE1A7E424F44B0500BA732C /* DrilTimerService.swift */,
			);
			path = Drills;
			sourceTree = "<group>";
		};
		9CDBE14B2492C7BB0048D95E /* Storage */ = {
			isa = PBXGroup;
			children = (
				9CDBE14C2492C7D50048D95E /* Storage.swift */,
			);
			path = Storage;
			sourceTree = "<group>";
		};
		9CDBE1522492C9E10048D95E /* Resources */ = {
			isa = PBXGroup;
			children = (
				7AFFDC2124F59FA200D267A1 /* 10-seconds.mp3 */,
				9CDBE1532492C9E10048D95E /* stop-game.mp3 */,
				9CDBE1542492C9E10048D95E /* start-game.mp3 */,
			);
			path = Resources;
			sourceTree = "<group>";
		};
		C7FBB3CEC5EE15483086F8E8 /* Pods */ = {
			isa = PBXGroup;
			children = (
				5951273C2B4570A3528B5422 /* Pods-pbdrillapp.debug.xcconfig */,
				E5C2ED958F3B7436C38E5800 /* Pods-pbdrillapp.release.xcconfig */,
			);
			path = Pods;
			sourceTree = "<group>";
		};
		CEC4BB4939A36E72C3A1937C /* Frameworks */ = {
			isa = PBXGroup;
			children = (
				B8706185F5322E713062ED19 /* Pods_pbdrillapp.framework */,
			);
			name = Frameworks;
			sourceTree = "<group>";
		};
/* End PBXGroup section */

/* Begin PBXNativeTarget section */
		9CDBE1112492A8CC0048D95E /* pbdrillapp */ = {
			isa = PBXNativeTarget;
			buildConfigurationList = 9CDBE1262492A8CD0048D95E /* Build configuration list for PBXNativeTarget "pbdrillapp" */;
			buildPhases = (
				B2AC02AA3526D7403E70B9D4 /* [CP] Check Pods Manifest.lock */,
				9CDBE10E2492A8CC0048D95E /* Sources */,
				9CDBE10F2492A8CC0048D95E /* Frameworks */,
				9CDBE1102492A8CC0048D95E /* Resources */,
				6EBB1F96D40C63EFB5E23341 /* [CP] Embed Pods Frameworks */,
			);
			buildRules = (
			);
			dependencies = (
			);
			name = pbdrillapp;
			productName = pbdrillapp;
			productReference = 9CDBE1122492A8CC0048D95E /* PB Drill Assistant.app */;
			productType = "com.apple.product-type.application";
		};
/* End PBXNativeTarget section */

/* Begin PBXProject section */
		9CDBE10A2492A8CC0048D95E /* Project object */ = {
			isa = PBXProject;
			attributes = {
				LastSwiftUpdateCheck = 1150;
				LastUpgradeCheck = 1150;
				ORGANIZATIONNAME = Yaros8T;
				TargetAttributes = {
					9CDBE1112492A8CC0048D95E = {
						CreatedOnToolsVersion = 11.5;
					};
				};
			};
			buildConfigurationList = 9CDBE10D2492A8CC0048D95E /* Build configuration list for PBXProject "pbdrillapp" */;
			compatibilityVersion = "Xcode 9.3";
			developmentRegion = en;
			hasScannedForEncodings = 0;
			knownRegions = (
				en,
				Base,
			);
			mainGroup = 9CDBE1092492A8CC0048D95E;
			productRefGroup = 9CDBE1132492A8CC0048D95E /* Products */;
			projectDirPath = "";
			projectRoot = "";
			targets = (
				9CDBE1112492A8CC0048D95E /* pbdrillapp */,
			);
		};
/* End PBXProject section */

/* Begin PBXResourcesBuildPhase section */
		9CDBE1102492A8CC0048D95E /* Resources */ = {
			isa = PBXResourcesBuildPhase;
			buildActionMask = 2147483647;
			files = (
				9CDBE1552492C9E10048D95E /* stop-game.mp3 in Resources */,
				9CDBE1222492A8CD0048D95E /* LaunchScreen.storyboard in Resources */,
				9CDBE11F2492A8CD0048D95E /* Assets.xcassets in Resources */,
				7AFFDC2224F59FA200D267A1 /* 10-seconds.mp3 in Resources */,
				9CDBE1562492C9E10048D95E /* start-game.mp3 in Resources */,
				9CDBE11D2492A8CC0048D95E /* Main.storyboard in Resources */,
			);
			runOnlyForDeploymentPostprocessing = 0;
		};
/* End PBXResourcesBuildPhase section */

/* Begin PBXShellScriptBuildPhase section */
		6EBB1F96D40C63EFB5E23341 /* [CP] Embed Pods Frameworks */ = {
			isa = PBXShellScriptBuildPhase;
			buildActionMask = 2147483647;
			files = (
			);
			inputFileListPaths = (
				"${PODS_ROOT}/Target Support Files/Pods-pbdrillapp/Pods-pbdrillapp-frameworks-${CONFIGURATION}-input-files.xcfilelist",
			);
			name = "[CP] Embed Pods Frameworks";
			outputFileListPaths = (
				"${PODS_ROOT}/Target Support Files/Pods-pbdrillapp/Pods-pbdrillapp-frameworks-${CONFIGURATION}-output-files.xcfilelist",
			);
			runOnlyForDeploymentPostprocessing = 0;
			shellPath = /bin/sh;
			shellScript = "\"${PODS_ROOT}/Target Support Files/Pods-pbdrillapp/Pods-pbdrillapp-frameworks.sh\"\n";
			showEnvVarsInLog = 0;
		};
		B2AC02AA3526D7403E70B9D4 /* [CP] Check Pods Manifest.lock */ = {
			isa = PBXShellScriptBuildPhase;
			buildActionMask = 2147483647;
			files = (
			);
			inputFileListPaths = (
			);
			inputPaths = (
				"${PODS_PODFILE_DIR_PATH}/Podfile.lock",
				"${PODS_ROOT}/Manifest.lock",
			);
			name = "[CP] Check Pods Manifest.lock";
			outputFileListPaths = (
			);
			outputPaths = (
				"$(DERIVED_FILE_DIR)/Pods-pbdrillapp-checkManifestLockResult.txt",
			);
			runOnlyForDeploymentPostprocessing = 0;
			shellPath = /bin/sh;
			shellScript = "diff \"${PODS_PODFILE_DIR_PATH}/Podfile.lock\" \"${PODS_ROOT}/Manifest.lock\" > /dev/null\nif [ $? != 0 ] ; then\n    # print error to STDERR\n    echo \"error: The sandbox is not in sync with the Podfile.lock. Run 'pod install' or update your CocoaPods installation.\" >&2\n    exit 1\nfi\n# This output is used by Xcode 'outputs' to avoid re-running this script phase.\necho \"SUCCESS\" > \"${SCRIPT_OUTPUT_FILE_0}\"\n";
			showEnvVarsInLog = 0;
		};
/* End PBXShellScriptBuildPhase section */

/* Begin PBXSourcesBuildPhase section */
		9CDBE10E2492A8CC0048D95E /* Sources */ = {
			isa = PBXSourcesBuildPhase;
			buildActionMask = 2147483647;
			files = (
				7AFFDC2424F6F53A00D267A1 /* SoundAssistantModel.swift in Sources */,
				9CDBE13E2492A9540048D95E /* RootViewController.swift in Sources */,
				9CDBE11A2492A8CC0048D95E /* ViewController.swift in Sources */,
				7AFFDC2024F58BD900D267A1 /* GameTimerService.swift in Sources */,
				9CDBE1482492A9540048D95E /* DrillViewController.swift in Sources */,
				9CDBE14A2492B0CC0048D95E /* DrillModel.swift in Sources */,
				9CDBE1162492A8CC0048D95E /* AppDelegate.swift in Sources */,
				9CDBE1412492A9540048D95E /* RunButton.swift in Sources */,
				9CDBE13D2492A9540048D95E /* TimeModel.swift in Sources */,
				9CE1A7E724F4503400BA732C /* Sounds.swift in Sources */,
				9CDBE1422492A9540048D95E /* TimeView.swift in Sources */,
				9CDBE1432492A9540048D95E /* SoundAssistantViewController.swift in Sources */,
				9CDBE1512492C9CD0048D95E /* GameModel.swift in Sources */,
				9CDBE1472492A9540048D95E /* BaseDrillViewController.swift in Sources */,
				9CDBE1462492A9540048D95E /* PagesViewController.swift in Sources */,
				9CDBE1452492A9540048D95E /* FeedbackViewController.swift in Sources */,
				9CDBE1402492A9540048D95E /* TimeButton.swift in Sources */,
				9CDBE1182492A8CC0048D95E /* SceneDelegate.swift in Sources */,
				9CDBE1442492A9540048D95E /* GameViewController.swift in Sources */,
				9CDBE14D2492C7D50048D95E /* Storage.swift in Sources */,
				9CDBE13F2492A9540048D95E /* ConfirmView.swift in Sources */,
				9CE1A7E524F44B0500BA732C /* DrilTimerService.swift in Sources */,
			);
			runOnlyForDeploymentPostprocessing = 0;
		};
/* End PBXSourcesBuildPhase section */

/* Begin PBXVariantGroup section */
		9CDBE11B2492A8CC0048D95E /* Main.storyboard */ = {
			isa = PBXVariantGroup;
			children = (
				9CDBE11C2492A8CC0048D95E /* Base */,
			);
			name = Main.storyboard;
			sourceTree = "<group>";
		};
		9CDBE1202492A8CD0048D95E /* LaunchScreen.storyboard */ = {
			isa = PBXVariantGroup;
			children = (
				9CDBE1212492A8CD0048D95E /* Base */,
			);
			name = LaunchScreen.storyboard;
			sourceTree = "<group>";
		};
/* End PBXVariantGroup section */

/* Begin XCBuildConfiguration section */
		9CDBE1242492A8CD0048D95E /* Debug */ = {
			isa = XCBuildConfiguration;
			buildSettings = {
				ALWAYS_SEARCH_USER_PATHS = NO;
				CLANG_ANALYZER_NONNULL = YES;
				CLANG_ANALYZER_NUMBER_OBJECT_CONVERSION = YES_AGGRESSIVE;
				CLANG_CXX_LANGUAGE_STANDARD = "gnu++14";
				CLANG_CXX_LIBRARY = "libc++";
				CLANG_ENABLE_MODULES = YES;
				CLANG_ENABLE_OBJC_ARC = YES;
				CLANG_ENABLE_OBJC_WEAK = YES;
				CLANG_WARN_BLOCK_CAPTURE_AUTORELEASING = YES;
				CLANG_WARN_BOOL_CONVERSION = YES;
				CLANG_WARN_COMMA = YES;
				CLANG_WARN_CONSTANT_CONVERSION = YES;
				CLANG_WARN_DEPRECATED_OBJC_IMPLEMENTATIONS = YES;
				CLANG_WARN_DIRECT_OBJC_ISA_USAGE = YES_ERROR;
				CLANG_WARN_DOCUMENTATION_COMMENTS = YES;
				CLANG_WARN_EMPTY_BODY = YES;
				CLANG_WARN_ENUM_CONVERSION = YES;
				CLANG_WARN_INFINITE_RECURSION = YES;
				CLANG_WARN_INT_CONVERSION = YES;
				CLANG_WARN_NON_LITERAL_NULL_CONVERSION = YES;
				CLANG_WARN_OBJC_IMPLICIT_RETAIN_SELF = YES;
				CLANG_WARN_OBJC_LITERAL_CONVERSION = YES;
				CLANG_WARN_OBJC_ROOT_CLASS = YES_ERROR;
				CLANG_WARN_RANGE_LOOP_ANALYSIS = YES;
				CLANG_WARN_STRICT_PROTOTYPES = YES;
				CLANG_WARN_SUSPICIOUS_MOVE = YES;
				CLANG_WARN_UNGUARDED_AVAILABILITY = YES_AGGRESSIVE;
				CLANG_WARN_UNREACHABLE_CODE = YES;
				CLANG_WARN__DUPLICATE_METHOD_MATCH = YES;
				COPY_PHASE_STRIP = NO;
				DEBUG_INFORMATION_FORMAT = dwarf;
				ENABLE_STRICT_OBJC_MSGSEND = YES;
				ENABLE_TESTABILITY = YES;
				GCC_C_LANGUAGE_STANDARD = gnu11;
				GCC_DYNAMIC_NO_PIC = NO;
				GCC_NO_COMMON_BLOCKS = YES;
				GCC_OPTIMIZATION_LEVEL = 0;
				GCC_PREPROCESSOR_DEFINITIONS = (
					"DEBUG=1",
					"$(inherited)",
				);
				GCC_WARN_64_TO_32_BIT_CONVERSION = YES;
				GCC_WARN_ABOUT_RETURN_TYPE = YES_ERROR;
				GCC_WARN_UNDECLARED_SELECTOR = YES;
				GCC_WARN_UNINITIALIZED_AUTOS = YES_AGGRESSIVE;
				GCC_WARN_UNUSED_FUNCTION = YES;
				GCC_WARN_UNUSED_VARIABLE = YES;
				IPHONEOS_DEPLOYMENT_TARGET = 13.0;
				MTL_ENABLE_DEBUG_INFO = INCLUDE_SOURCE;
				MTL_FAST_MATH = YES;
				ONLY_ACTIVE_ARCH = YES;
				SDKROOT = iphoneos;
				SWIFT_ACTIVE_COMPILATION_CONDITIONS = DEBUG;
				SWIFT_OPTIMIZATION_LEVEL = "-Onone";
			};
			name = Debug;
		};
		9CDBE1252492A8CD0048D95E /* Release */ = {
			isa = XCBuildConfiguration;
			buildSettings = {
				ALWAYS_SEARCH_USER_PATHS = NO;
				CLANG_ANALYZER_NONNULL = YES;
				CLANG_ANALYZER_NUMBER_OBJECT_CONVERSION = YES_AGGRESSIVE;
				CLANG_CXX_LANGUAGE_STANDARD = "gnu++14";
				CLANG_CXX_LIBRARY = "libc++";
				CLANG_ENABLE_MODULES = YES;
				CLANG_ENABLE_OBJC_ARC = YES;
				CLANG_ENABLE_OBJC_WEAK = YES;
				CLANG_WARN_BLOCK_CAPTURE_AUTORELEASING = YES;
				CLANG_WARN_BOOL_CONVERSION = YES;
				CLANG_WARN_COMMA = YES;
				CLANG_WARN_CONSTANT_CONVERSION = YES;
				CLANG_WARN_DEPRECATED_OBJC_IMPLEMENTATIONS = YES;
				CLANG_WARN_DIRECT_OBJC_ISA_USAGE = YES_ERROR;
				CLANG_WARN_DOCUMENTATION_COMMENTS = YES;
				CLANG_WARN_EMPTY_BODY = YES;
				CLANG_WARN_ENUM_CONVERSION = YES;
				CLANG_WARN_INFINITE_RECURSION = YES;
				CLANG_WARN_INT_CONVERSION = YES;
				CLANG_WARN_NON_LITERAL_NULL_CONVERSION = YES;
				CLANG_WARN_OBJC_IMPLICIT_RETAIN_SELF = YES;
				CLANG_WARN_OBJC_LITERAL_CONVERSION = YES;
				CLANG_WARN_OBJC_ROOT_CLASS = YES_ERROR;
				CLANG_WARN_RANGE_LOOP_ANALYSIS = YES;
				CLANG_WARN_STRICT_PROTOTYPES = YES;
				CLANG_WARN_SUSPICIOUS_MOVE = YES;
				CLANG_WARN_UNGUARDED_AVAILABILITY = YES_AGGRESSIVE;
				CLANG_WARN_UNREACHABLE_CODE = YES;
				CLANG_WARN__DUPLICATE_METHOD_MATCH = YES;
				COPY_PHASE_STRIP = NO;
				DEBUG_INFORMATION_FORMAT = "dwarf-with-dsym";
				ENABLE_NS_ASSERTIONS = NO;
				ENABLE_STRICT_OBJC_MSGSEND = YES;
				GCC_C_LANGUAGE_STANDARD = gnu11;
				GCC_NO_COMMON_BLOCKS = YES;
				GCC_WARN_64_TO_32_BIT_CONVERSION = YES;
				GCC_WARN_ABOUT_RETURN_TYPE = YES_ERROR;
				GCC_WARN_UNDECLARED_SELECTOR = YES;
				GCC_WARN_UNINITIALIZED_AUTOS = YES_AGGRESSIVE;
				GCC_WARN_UNUSED_FUNCTION = YES;
				GCC_WARN_UNUSED_VARIABLE = YES;
				IPHONEOS_DEPLOYMENT_TARGET = 13.0;
				MTL_ENABLE_DEBUG_INFO = NO;
				MTL_FAST_MATH = YES;
				SDKROOT = iphoneos;
				SWIFT_COMPILATION_MODE = wholemodule;
				SWIFT_OPTIMIZATION_LEVEL = "-O";
				VALIDATE_PRODUCT = YES;
			};
			name = Release;
		};
		9CDBE1272492A8CD0048D95E /* Debug */ = {
			isa = XCBuildConfiguration;
			baseConfigurationReference = 5951273C2B4570A3528B5422 /* Pods-pbdrillapp.debug.xcconfig */;
			buildSettings = {
				ASSETCATALOG_COMPILER_APPICON_NAME = AppIcon;
				CODE_SIGN_IDENTITY = "Apple Development";
				CODE_SIGN_STYLE = Automatic;
				CURRENT_PROJECT_VERSION = 9;
				DEVELOPMENT_TEAM = 37LVE8FFX9;
				INFOPLIST_FILE = pbdrillapp/Info.plist;
				IPHONEOS_DEPLOYMENT_TARGET = 13.0;
				LD_RUNPATH_SEARCH_PATHS = (
					"$(inherited)",
					"@executable_path/Frameworks",
				);
				PRODUCT_BUNDLE_IDENTIFIER = com.yaros8t.pbdrilltimers;
				PRODUCT_NAME = "PB Drill Assistant";
				PROVISIONING_PROFILE_SPECIFIER = "";
				SWIFT_VERSION = 5.0;
				TARGETED_DEVICE_FAMILY = "1,2";
			};
			name = Debug;
		};
		9CDBE1282492A8CD0048D95E /* Release */ = {
			isa = XCBuildConfiguration;
			baseConfigurationReference = E5C2ED958F3B7436C38E5800 /* Pods-pbdrillapp.release.xcconfig */;
			buildSettings = {
				ASSETCATALOG_COMPILER_APPICON_NAME = AppIcon;
				CODE_SIGN_IDENTITY = "Apple Development";
				CODE_SIGN_STYLE = Automatic;
				CURRENT_PROJECT_VERSION = 9;
				DEVELOPMENT_TEAM = 37LVE8FFX9;
				INFOPLIST_FILE = pbdrillapp/Info.plist;
				IPHONEOS_DEPLOYMENT_TARGET = 13.0;
				LD_RUNPATH_SEARCH_PATHS = (
					"$(inherited)",
					"@executable_path/Frameworks",
				);
				PRODUCT_BUNDLE_IDENTIFIER = com.yaros8t.pbdrilltimers;
				PRODUCT_NAME = "PB Drill Assistant";
				PROVISIONING_PROFILE_SPECIFIER = "";
				SWIFT_VERSION = 5.0;
				TARGETED_DEVICE_FAMILY = "1,2";
			};
			name = Release;
		};
/* End XCBuildConfiguration section */

/* Begin XCConfigurationList section */
		9CDBE10D2492A8CC0048D95E /* Build configuration list for PBXProject "pbdrillapp" */ = {
			isa = XCConfigurationList;
			buildConfigurations = (
				9CDBE1242492A8CD0048D95E /* Debug */,
				9CDBE1252492A8CD0048D95E /* Release */,
			);
			defaultConfigurationIsVisible = 0;
			defaultConfigurationName = Release;
		};
		9CDBE1262492A8CD0048D95E /* Build configuration list for PBXNativeTarget "pbdrillapp" */ = {
			isa = XCConfigurationList;
			buildConfigurations = (
				9CDBE1272492A8CD0048D95E /* Debug */,
				9CDBE1282492A8CD0048D95E /* Release */,
			);
			defaultConfigurationIsVisible = 0;
			defaultConfigurationName = Release;
		};
/* End XCConfigurationList section */
	};
	rootObject = 9CDBE10A2492A8CC0048D95E /* Project object */;
}
